// !$*UTF8*$!
{
	archiveVersion = 1;
	classes = {
	};
	objectVersion = 46;
	objects = {

/* Begin PBXBuildFile section */
		34C04DED1BB43F0200203B19 /* AppDelegate.swift in Sources */ = {isa = PBXBuildFile; fileRef = 34C04DEC1BB43F0200203B19 /* AppDelegate.swift */; };
		34C04DEF1BB43F0200203B19 /* ViewController.swift in Sources */ = {isa = PBXBuildFile; fileRef = 34C04DEE1BB43F0200203B19 /* ViewController.swift */; };
		34C04DF21BB43F0200203B19 /* Main.storyboard in Resources */ = {isa = PBXBuildFile; fileRef = 34C04DF01BB43F0200203B19 /* Main.storyboard */; };
		34C04DF41BB43F0200203B19 /* Assets.xcassets in Resources */ = {isa = PBXBuildFile; fileRef = 34C04DF31BB43F0200203B19 /* Assets.xcassets */; };
		34C04DF71BB43F0200203B19 /* LaunchScreen.storyboard in Resources */ = {isa = PBXBuildFile; fileRef = 34C04DF51BB43F0200203B19 /* LaunchScreen.storyboard */; };
		34C04E021BB43F0200203B19 /* SwiftDialogsTests.swift in Sources */ = {isa = PBXBuildFile; fileRef = 34C04E011BB43F0200203B19 /* SwiftDialogsTests.swift */; };
		34C04E0D1BB43F0200203B19 /* SwiftDialogsUITests.swift in Sources */ = {isa = PBXBuildFile; fileRef = 34C04E0C1BB43F0200203B19 /* SwiftDialogsUITests.swift */; };
		34C04E1B1BB43F7B00203B19 /* Dialog.swift in Sources */ = {isa = PBXBuildFile; fileRef = 34C04E1A1BB43F7B00203B19 /* Dialog.swift */; settings = {ASSET_TAGS = (); }; };
		34C04E201BB4454E00203B19 /* LoadingDialog.swift in Sources */ = {isa = PBXBuildFile; fileRef = 34C04E1F1BB4454E00203B19 /* LoadingDialog.swift */; settings = {ASSET_TAGS = (); }; };
		34C04E221BB4462000203B19 /* LoadingDialogController.xib in Resources */ = {isa = PBXBuildFile; fileRef = 34C04E211BB4462000203B19 /* LoadingDialogController.xib */; settings = {ASSET_TAGS = (); }; };
/* End PBXBuildFile section */

/* Begin PBXContainerItemProxy section */
		34C04DFE1BB43F0200203B19 /* PBXContainerItemProxy */ = {
			isa = PBXContainerItemProxy;
			containerPortal = 34C04DE11BB43F0200203B19 /* Project object */;
			proxyType = 1;
			remoteGlobalIDString = 34C04DE81BB43F0200203B19;
			remoteInfo = SwiftDialogs;
		};
		34C04E091BB43F0200203B19 /* PBXContainerItemProxy */ = {
			isa = PBXContainerItemProxy;
			containerPortal = 34C04DE11BB43F0200203B19 /* Project object */;
			proxyType = 1;
			remoteGlobalIDString = 34C04DE81BB43F0200203B19;
			remoteInfo = SwiftDialogs;
		};
/* End PBXContainerItemProxy section */

/* Begin PBXFileReference section */
		34C04DE91BB43F0200203B19 /* SwiftDialogs.app */ = {isa = PBXFileReference; explicitFileType = wrapper.application; includeInIndex = 0; path = SwiftDialogs.app; sourceTree = BUILT_PRODUCTS_DIR; };
		34C04DEC1BB43F0200203B19 /* AppDelegate.swift */ = {isa = PBXFileReference; lastKnownFileType = sourcecode.swift; path = AppDelegate.swift; sourceTree = "<group>"; };
		34C04DEE1BB43F0200203B19 /* ViewController.swift */ = {isa = PBXFileReference; lastKnownFileType = sourcecode.swift; path = ViewController.swift; sourceTree = "<group>"; };
		34C04DF11BB43F0200203B19 /* Base */ = {isa = PBXFileReference; lastKnownFileType = file.storyboard; name = Base; path = Base.lproj/Main.storyboard; sourceTree = "<group>"; };
		34C04DF31BB43F0200203B19 /* Assets.xcassets */ = {isa = PBXFileReference; lastKnownFileType = folder.assetcatalog; path = Assets.xcassets; sourceTree = "<group>"; };
		34C04DF61BB43F0200203B19 /* Base */ = {isa = PBXFileReference; lastKnownFileType = file.storyboard; name = Base; path = Base.lproj/LaunchScreen.storyboard; sourceTree = "<group>"; };
		34C04DF81BB43F0200203B19 /* Info.plist */ = {isa = PBXFileReference; lastKnownFileType = text.plist.xml; path = Info.plist; sourceTree = "<group>"; };
		34C04DFD1BB43F0200203B19 /* SwiftDialogsTests.xctest */ = {isa = PBXFileReference; explicitFileType = wrapper.cfbundle; includeInIndex = 0; path = SwiftDialogsTests.xctest; sourceTree = BUILT_PRODUCTS_DIR; };
		34C04E011BB43F0200203B19 /* SwiftDialogsTests.swift */ = {isa = PBXFileReference; lastKnownFileType = sourcecode.swift; path = SwiftDialogsTests.swift; sourceTree = "<group>"; };
		34C04E031BB43F0200203B19 /* Info.plist */ = {isa = PBXFileReference; lastKnownFileType = text.plist.xml; path = Info.plist; sourceTree = "<group>"; };
		34C04E081BB43F0200203B19 /* SwiftDialogsUITests.xctest */ = {isa = PBXFileReference; explicitFileType = wrapper.cfbundle; includeInIndex = 0; path = SwiftDialogsUITests.xctest; sourceTree = BUILT_PRODUCTS_DIR; };
		34C04E0C1BB43F0200203B19 /* SwiftDialogsUITests.swift */ = {isa = PBXFileReference; lastKnownFileType = sourcecode.swift; path = SwiftDialogsUITests.swift; sourceTree = "<group>"; };
		34C04E0E1BB43F0200203B19 /* Info.plist */ = {isa = PBXFileReference; lastKnownFileType = text.plist.xml; path = Info.plist; sourceTree = "<group>"; };
		34C04E1A1BB43F7B00203B19 /* Dialog.swift */ = {isa = PBXFileReference; fileEncoding = 4; lastKnownFileType = sourcecode.swift; path = Dialog.swift; sourceTree = "<group>"; };
		34C04E1F1BB4454E00203B19 /* LoadingDialog.swift */ = {isa = PBXFileReference; fileEncoding = 4; lastKnownFileType = sourcecode.swift; path = LoadingDialog.swift; sourceTree = "<group>"; };
		34C04E211BB4462000203B19 /* LoadingDialogController.xib */ = {isa = PBXFileReference; fileEncoding = 4; lastKnownFileType = file.xib; path = LoadingDialogController.xib; sourceTree = "<group>"; };
/* End PBXFileReference section */

/* Begin PBXFrameworksBuildPhase section */
		34C04DE61BB43F0200203B19 /* Frameworks */ = {
			isa = PBXFrameworksBuildPhase;
			buildActionMask = 2147483647;
			files = (
			);
			runOnlyForDeploymentPostprocessing = 0;
		};
		34C04DFA1BB43F0200203B19 /* Frameworks */ = {
			isa = PBXFrameworksBuildPhase;
			buildActionMask = 2147483647;
			files = (
			);
			runOnlyForDeploymentPostprocessing = 0;
		};
		34C04E051BB43F0200203B19 /* Frameworks */ = {
			isa = PBXFrameworksBuildPhase;
			buildActionMask = 2147483647;
			files = (
			);
			runOnlyForDeploymentPostprocessing = 0;
		};
/* End PBXFrameworksBuildPhase section */

/* Begin PBXGroup section */
		34C04DE01BB43F0200203B19 = {
			isa = PBXGroup;
			children = (
				34C04DEB1BB43F0200203B19 /* SwiftDialogs */,
				34C04E001BB43F0200203B19 /* SwiftDialogsTests */,
				34C04E0B1BB43F0200203B19 /* SwiftDialogsUITests */,
				34C04DEA1BB43F0200203B19 /* Products */,
			);
			sourceTree = "<group>";
		};
		34C04DEA1BB43F0200203B19 /* Products */ = {
			isa = PBXGroup;
			children = (
				34C04DE91BB43F0200203B19 /* SwiftDialogs.app */,
				34C04DFD1BB43F0200203B19 /* SwiftDialogsTests.xctest */,
				34C04E081BB43F0200203B19 /* SwiftDialogsUITests.xctest */,
			);
			name = Products;
			sourceTree = "<group>";
		};
		34C04DEB1BB43F0200203B19 /* SwiftDialogs */ = {
			isa = PBXGroup;
			children = (
				34C04E1C1BB4440000203B19 /* Views */,
				34C04DEC1BB43F0200203B19 /* AppDelegate.swift */,
				34C04DEE1BB43F0200203B19 /* ViewController.swift */,
				34C04DF01BB43F0200203B19 /* Main.storyboard */,
				34C04DF31BB43F0200203B19 /* Assets.xcassets */,
				34C04DF51BB43F0200203B19 /* LaunchScreen.storyboard */,
				34C04DF81BB43F0200203B19 /* Info.plist */,
				34C04E1A1BB43F7B00203B19 /* Dialog.swift */,
				34C04E1F1BB4454E00203B19 /* LoadingDialog.swift */,
			);
			path = SwiftDialogs;
			sourceTree = "<group>";
		};
		34C04E001BB43F0200203B19 /* SwiftDialogsTests */ = {
			isa = PBXGroup;
			children = (
				34C04E011BB43F0200203B19 /* SwiftDialogsTests.swift */,
				34C04E031BB43F0200203B19 /* Info.plist */,
			);
			path = SwiftDialogsTests;
			sourceTree = "<group>";
		};
		34C04E0B1BB43F0200203B19 /* SwiftDialogsUITests */ = {
			isa = PBXGroup;
			children = (
				34C04E0C1BB43F0200203B19 /* SwiftDialogsUITests.swift */,
				34C04E0E1BB43F0200203B19 /* Info.plist */,
			);
			path = SwiftDialogsUITests;
			sourceTree = "<group>";
		};
		34C04E1C1BB4440000203B19 /* Views */ = {
			isa = PBXGroup;
			children = (
				34C04E211BB4462000203B19 /* LoadingDialogController.xib */,
			);
			name = Views;
			sourceTree = "<group>";
		};
/* End PBXGroup section */

/* Begin PBXNativeTarget section */
		34C04DE81BB43F0200203B19 /* SwiftDialogs */ = {
			isa = PBXNativeTarget;
			buildConfigurationList = 34C04E111BB43F0300203B19 /* Build configuration list for PBXNativeTarget "SwiftDialogs" */;
			buildPhases = (
				34C04DE51BB43F0200203B19 /* Sources */,
				34C04DE61BB43F0200203B19 /* Frameworks */,
				34C04DE71BB43F0200203B19 /* Resources */,
			);
			buildRules = (
			);
			dependencies = (
			);
			name = SwiftDialogs;
			productName = SwiftDialogs;
			productReference = 34C04DE91BB43F0200203B19 /* SwiftDialogs.app */;
			productType = "com.apple.product-type.application";
		};
		34C04DFC1BB43F0200203B19 /* SwiftDialogsTests */ = {
			isa = PBXNativeTarget;
			buildConfigurationList = 34C04E141BB43F0300203B19 /* Build configuration list for PBXNativeTarget "SwiftDialogsTests" */;
			buildPhases = (
				34C04DF91BB43F0200203B19 /* Sources */,
				34C04DFA1BB43F0200203B19 /* Frameworks */,
				34C04DFB1BB43F0200203B19 /* Resources */,
			);
			buildRules = (
			);
			dependencies = (
				34C04DFF1BB43F0200203B19 /* PBXTargetDependency */,
			);
			name = SwiftDialogsTests;
			productName = SwiftDialogsTests;
			productReference = 34C04DFD1BB43F0200203B19 /* SwiftDialogsTests.xctest */;
			productType = "com.apple.product-type.bundle.unit-test";
		};
		34C04E071BB43F0200203B19 /* SwiftDialogsUITests */ = {
			isa = PBXNativeTarget;
			buildConfigurationList = 34C04E171BB43F0300203B19 /* Build configuration list for PBXNativeTarget "SwiftDialogsUITests" */;
			buildPhases = (
				34C04E041BB43F0200203B19 /* Sources */,
				34C04E051BB43F0200203B19 /* Frameworks */,
				34C04E061BB43F0200203B19 /* Resources */,
			);
			buildRules = (
			);
			dependencies = (
				34C04E0A1BB43F0200203B19 /* PBXTargetDependency */,
			);
			name = SwiftDialogsUITests;
			productName = SwiftDialogsUITests;
			productReference = 34C04E081BB43F0200203B19 /* SwiftDialogsUITests.xctest */;
			productType = "com.apple.product-type.bundle.ui-testing";
		};
/* End PBXNativeTarget section */

/* Begin PBXProject section */
		34C04DE11BB43F0200203B19 /* Project object */ = {
			isa = PBXProject;
			attributes = {
				LastUpgradeCheck = 0700;
				ORGANIZATIONNAME = "Zach Christensen";
				TargetAttributes = {
					34C04DE81BB43F0200203B19 = {
						CreatedOnToolsVersion = 7.0;
					};
					34C04DFC1BB43F0200203B19 = {
						CreatedOnToolsVersion = 7.0;
						TestTargetID = 34C04DE81BB43F0200203B19;
					};
					34C04E071BB43F0200203B19 = {
						CreatedOnToolsVersion = 7.0;
						TestTargetID = 34C04DE81BB43F0200203B19;
					};
				};
			};
			buildConfigurationList = 34C04DE41BB43F0200203B19 /* Build configuration list for PBXProject "SwiftDialogs" */;
			compatibilityVersion = "Xcode 3.2";
			developmentRegion = English;
			hasScannedForEncodings = 0;
			knownRegions = (
				en,
				Base,
			);
			mainGroup = 34C04DE01BB43F0200203B19;
			productRefGroup = 34C04DEA1BB43F0200203B19 /* Products */;
			projectDirPath = "";
			projectRoot = "";
			targets = (
				34C04DE81BB43F0200203B19 /* SwiftDialogs */,
				34C04DFC1BB43F0200203B19 /* SwiftDialogsTests */,
				34C04E071BB43F0200203B19 /* SwiftDialogsUITests */,
			);
		};
/* End PBXProject section */

/* Begin PBXResourcesBuildPhase section */
		34C04DE71BB43F0200203B19 /* Resources */ = {
			isa = PBXResourcesBuildPhase;
			buildActionMask = 2147483647;
			files = (
				34C04DF71BB43F0200203B19 /* LaunchScreen.storyboard in Resources */,
				34C04DF41BB43F0200203B19 /* Assets.xcassets in Resources */,
				34C04E221BB4462000203B19 /* LoadingDialogController.xib in Resources */,
				34C04DF21BB43F0200203B19 /* Main.storyboard in Resources */,
			);
			runOnlyForDeploymentPostprocessing = 0;
		};
		34C04DFB1BB43F0200203B19 /* Resources */ = {
			isa = PBXResourcesBuildPhase;
			buildActionMask = 2147483647;
			files = (
			);
			runOnlyForDeploymentPostprocessing = 0;
		};
		34C04E061BB43F0200203B19 /* Resources */ = {
			isa = PBXResourcesBuildPhase;
			buildActionMask = 2147483647;
			files = (
			);
			runOnlyForDeploymentPostprocessing = 0;
		};
/* End PBXResourcesBuildPhase section */

/* Begin PBXSourcesBuildPhase section */
		34C04DE51BB43F0200203B19 /* Sources */ = {
			isa = PBXSourcesBuildPhase;
			buildActionMask = 2147483647;
			files = (
				34C04E201BB4454E00203B19 /* LoadingDialog.swift in Sources */,
				34C04E1B1BB43F7B00203B19 /* Dialog.swift in Sources */,
				34C04DEF1BB43F0200203B19 /* ViewController.swift in Sources */,
				34C04DED1BB43F0200203B19 /* AppDelegate.swift in Sources */,
			);
			runOnlyForDeploymentPostprocessing = 0;
		};
		34C04DF91BB43F0200203B19 /* Sources */ = {
			isa = PBXSourcesBuildPhase;
			buildActionMask = 2147483647;
			files = (
				34C04E021BB43F0200203B19 /* SwiftDialogsTests.swift in Sources */,
			);
			runOnlyForDeploymentPostprocessing = 0;
		};
		34C04E041BB43F0200203B19 /* Sources */ = {
			isa = PBXSourcesBuildPhase;
			buildActionMask = 2147483647;
			files = (
				34C04E0D1BB43F0200203B19 /* SwiftDialogsUITests.swift in Sources */,
			);
			runOnlyForDeploymentPostprocessing = 0;
		};
/* End PBXSourcesBuildPhase section */

/* Begin PBXTargetDependency section */
		34C04DFF1BB43F0200203B19 /* PBXTargetDependency */ = {
			isa = PBXTargetDependency;
			target = 34C04DE81BB43F0200203B19 /* SwiftDialogs */;
			targetProxy = 34C04DFE1BB43F0200203B19 /* PBXContainerItemProxy */;
		};
		34C04E0A1BB43F0200203B19 /* PBXTargetDependency */ = {
			isa = PBXTargetDependency;
			target = 34C04DE81BB43F0200203B19 /* SwiftDialogs */;
			targetProxy = 34C04E091BB43F0200203B19 /* PBXContainerItemProxy */;
		};
/* End PBXTargetDependency section */

/* Begin PBXVariantGroup section */
		34C04DF01BB43F0200203B19 /* Main.storyboard */ = {
			isa = PBXVariantGroup;
			children = (
				34C04DF11BB43F0200203B19 /* Base */,
			);
			name = Main.storyboard;
			sourceTree = "<group>";
		};
		34C04DF51BB43F0200203B19 /* LaunchScreen.storyboard */ = {
			isa = PBXVariantGroup;
			children = (
				34C04DF61BB43F0200203B19 /* Base */,
			);
			name = LaunchScreen.storyboard;
			sourceTree = "<group>";
		};
/* End PBXVariantGroup section */

/* Begin XCBuildConfiguration section */
		34C04E0F1BB43F0300203B19 /* Debug */ = {
			isa = XCBuildConfiguration;
			buildSettings = {
				ALWAYS_SEARCH_USER_PATHS = NO;
				CLANG_CXX_LANGUAGE_STANDARD = "gnu++0x";
				CLANG_CXX_LIBRARY = "libc++";
				CLANG_ENABLE_MODULES = YES;
				CLANG_ENABLE_OBJC_ARC = YES;
				CLANG_WARN_BOOL_CONVERSION = YES;
				CLANG_WARN_CONSTANT_CONVERSION = YES;
				CLANG_WARN_DIRECT_OBJC_ISA_USAGE = YES_ERROR;
				CLANG_WARN_EMPTY_BODY = YES;
				CLANG_WARN_ENUM_CONVERSION = YES;
				CLANG_WARN_INT_CONVERSION = YES;
				CLANG_WARN_OBJC_ROOT_CLASS = YES_ERROR;
				CLANG_WARN_UNREACHABLE_CODE = YES;
				CLANG_WARN__DUPLICATE_METHOD_MATCH = YES;
				"CODE_SIGN_IDENTITY[sdk=iphoneos*]" = "iPhone Developer";
				COPY_PHASE_STRIP = NO;
				DEBUG_INFORMATION_FORMAT = dwarf;
				ENABLE_STRICT_OBJC_MSGSEND = YES;
				ENABLE_TESTABILITY = YES;
				GCC_C_LANGUAGE_STANDARD = gnu99;
				GCC_DYNAMIC_NO_PIC = NO;
				GCC_NO_COMMON_BLOCKS = YES;
				GCC_OPTIMIZATION_LEVEL = 0;
				GCC_PREPROCESSOR_DEFINITIONS = (
					"DEBUG=1",
					"$(inherited)",
				);
				GCC_WARN_64_TO_32_BIT_CONVERSION = YES;
				GCC_WARN_ABOUT_RETURN_TYPE = YES_ERROR;
				GCC_WARN_UNDECLARED_SELECTOR = YES;
				GCC_WARN_UNINITIALIZED_AUTOS = YES_AGGRESSIVE;
				GCC_WARN_UNUSED_FUNCTION = YES;
				GCC_WARN_UNUSED_VARIABLE = YES;
				IPHONEOS_DEPLOYMENT_TARGET = 9.0;
				MTL_ENABLE_DEBUG_INFO = YES;
				ONLY_ACTIVE_ARCH = YES;
				SDKROOT = iphoneos;
				SWIFT_OPTIMIZATION_LEVEL = "-Onone";
				TARGETED_DEVICE_FAMILY = "1,2";
			};
			name = Debug;
		};
		34C04E101BB43F0300203B19 /* Release */ = {
			isa = XCBuildConfiguration;
			buildSettings = {
				ALWAYS_SEARCH_USER_PATHS = NO;
				CLANG_CXX_LANGUAGE_STANDARD = "gnu++0x";
				CLANG_CXX_LIBRARY = "libc++";
				CLANG_ENABLE_MODULES = YES;
				CLANG_ENABLE_OBJC_ARC = YES;
				CLANG_WARN_BOOL_CONVERSION = YES;
				CLANG_WARN_CONSTANT_CONVERSION = YES;
				CLANG_WARN_DIRECT_OBJC_ISA_USAGE = YES_ERROR;
				CLANG_WARN_EMPTY_BODY = YES;
				CLANG_WARN_ENUM_CONVERSION = YES;
				CLANG_WARN_INT_CONVERSION = YES;
				CLANG_WARN_OBJC_ROOT_CLASS = YES_ERROR;
				CLANG_WARN_UNREACHABLE_CODE = YES;
				CLANG_WARN__DUPLICATE_METHOD_MATCH = YES;
				"CODE_SIGN_IDENTITY[sdk=iphoneos*]" = "iPhone Developer";
				COPY_PHASE_STRIP = NO;
				DEBUG_INFORMATION_FORMAT = "dwarf-with-dsym";
				ENABLE_NS_ASSERTIONS = NO;
				ENABLE_STRICT_OBJC_MSGSEND = YES;
				GCC_C_LANGUAGE_STANDARD = gnu99;
				GCC_NO_COMMON_BLOCKS = YES;
				GCC_WARN_64_TO_32_BIT_CONVERSION = YES;
				GCC_WARN_ABOUT_RETURN_TYPE = YES_ERROR;
				GCC_WARN_UNDECLARED_SELECTOR = YES;
				GCC_WARN_UNINITIALIZED_AUTOS = YES_AGGRESSIVE;
				GCC_WARN_UNUSED_FUNCTION = YES;
				GCC_WARN_UNUSED_VARIABLE = YES;
				IPHONEOS_DEPLOYMENT_TARGET = 9.0;
				MTL_ENABLE_DEBUG_INFO = NO;
				SDKROOT = iphoneos;
				TARGETED_DEVICE_FAMILY = "1,2";
				VALIDATE_PRODUCT = YES;
			};
			name = Release;
		};
		34C04E121BB43F0300203B19 /* Debug */ = {
			isa = XCBuildConfiguration;
			buildSettings = {
				ASSETCATALOG_COMPILER_APPICON_NAME = AppIcon;
				INFOPLIST_FILE = SwiftDialogs/Info.plist;
				LD_RUNPATH_SEARCH_PATHS = "$(inherited) @executable_path/Frameworks";
				PRODUCT_BUNDLE_IDENTIFIER = com.christensen.SwiftDialogs;
				PRODUCT_NAME = "$(TARGET_NAME)";
			};
			name = Debug;
		};
		34C04E131BB43F0300203B19 /* Release */ = {
			isa = XCBuildConfiguration;
			buildSettings = {
				ASSETCATALOG_COMPILER_APPICON_NAME = AppIcon;
				INFOPLIST_FILE = SwiftDialogs/Info.plist;
				LD_RUNPATH_SEARCH_PATHS = "$(inherited) @executable_path/Frameworks";
				PRODUCT_BUNDLE_IDENTIFIER = com.christensen.SwiftDialogs;
				PRODUCT_NAME = "$(TARGET_NAME)";
			};
			name = Release;
		};
		34C04E151BB43F0300203B19 /* Debug */ = {
			isa = XCBuildConfiguration;
			buildSettings = {
				BUNDLE_LOADER = "$(TEST_HOST)";
				INFOPLIST_FILE = SwiftDialogsTests/Info.plist;
				LD_RUNPATH_SEARCH_PATHS = "$(inherited) @executable_path/Frameworks @loader_path/Frameworks";
				PRODUCT_BUNDLE_IDENTIFIER = com.christensen.SwiftDialogsTests;
				PRODUCT_NAME = "$(TARGET_NAME)";
				TEST_HOST = "$(BUILT_PRODUCTS_DIR)/SwiftDialogs.app/SwiftDialogs";
			};
			name = Debug;
		};
		34C04E161BB43F0300203B19 /* Release */ = {
			isa = XCBuildConfiguration;
			buildSettings = {
				BUNDLE_LOADER = "$(TEST_HOST)";
				INFOPLIST_FILE = SwiftDialogsTests/Info.plist;
				LD_RUNPATH_SEARCH_PATHS = "$(inherited) @executable_path/Frameworks @loader_path/Frameworks";
				PRODUCT_BUNDLE_IDENTIFIER = com.christensen.SwiftDialogsTests;
				PRODUCT_NAME = "$(TARGET_NAME)";
				TEST_HOST = "$(BUILT_PRODUCTS_DIR)/SwiftDialogs.app/SwiftDialogs";
			};
			name = Release;
		};
		34C04E181BB43F0300203B19 /* Debug */ = {
			isa = XCBuildConfiguration;
			buildSettings = {
				INFOPLIST_FILE = SwiftDialogsUITests/Info.plist;
				LD_RUNPATH_SEARCH_PATHS = "$(inherited) @executable_path/Frameworks @loader_path/Frameworks";
				PRODUCT_BUNDLE_IDENTIFIER = com.christensen.SwiftDialogsUITests;
				PRODUCT_NAME = "$(TARGET_NAME)";
				TEST_TARGET_NAME = SwiftDialogs;
				USES_XCTRUNNER = YES;
			};
			name = Debug;
		};
		34C04E191BB43F0300203B19 /* Release */ = {
			isa = XCBuildConfiguration;
			buildSettings = {
				INFOPLIST_FILE = SwiftDialogsUITests/Info.plist;
				LD_RUNPATH_SEARCH_PATHS = "$(inherited) @executable_path/Frameworks @loader_path/Frameworks";
				PRODUCT_BUNDLE_IDENTIFIER = com.christensen.SwiftDialogsUITests;
				PRODUCT_NAME = "$(TARGET_NAME)";
				TEST_TARGET_NAME = SwiftDialogs;
				USES_XCTRUNNER = YES;
			};
			name = Release;
		};
/* End XCBuildConfiguration section */

/* Begin XCConfigurationList section */
		34C04DE41BB43F0200203B19 /* Build configuration list for PBXProject "SwiftDialogs" */ = {
			isa = XCConfigurationList;
			buildConfigurations = (
				34C04E0F1BB43F0300203B19 /* Debug */,
				34C04E101BB43F0300203B19 /* Release */,
			);
			defaultConfigurationIsVisible = 0;
			defaultConfigurationName = Release;
		};
		34C04E111BB43F0300203B19 /* Build configuration list for PBXNativeTarget "SwiftDialogs" */ = {
			isa = XCConfigurationList;
			buildConfigurations = (
				34C04E121BB43F0300203B19 /* Debug */,
				34C04E131BB43F0300203B19 /* Release */,
			);
			defaultConfigurationIsVisible = 0;
		};
		34C04E141BB43F0300203B19 /* Build configuration list for PBXNativeTarget "SwiftDialogsTests" */ = {
			isa = XCConfigurationList;
			buildConfigurations = (
				34C04E151BB43F0300203B19 /* Debug */,
				34C04E161BB43F0300203B19 /* Release */,
			);
			defaultConfigurationIsVisible = 0;
		};
		34C04E171BB43F0300203B19 /* Build configuration list for PBXNativeTarget "SwiftDialogsUITests" */ = {
			isa = XCConfigurationList;
			buildConfigurations = (
				34C04E181BB43F0300203B19 /* Debug */,
				34C04E191BB43F0300203B19 /* Release */,
			);
			defaultConfigurationIsVisible = 0;
		};
/* End XCConfigurationList section */
	};
	rootObject = 34C04DE11BB43F0200203B19 /* Project object */;
}
